{
  "version": 4,
  "terraform_version": "1.11.4",
  "serial": 32,
  "lineage": "2fac3d9e-2615-15ae-d7f1-d5e4c556c5ae",
  "outputs": {
    "instance_ips": {
      "value": [
        "103.240.24.63",
        "103.240.24.122"
      ],
      "type": [
        "tuple",
        [
          "string",
          "string"
        ]
      ]
    }
  },
  "resources": [
    {
      "module": "module.instance",
      "mode": "managed",
      "type": "openstack_compute_floatingip_associate_v2",
      "name": "this",
      "provider": "provider[\"registry.terraform.io/terraform-provider-openstack/openstack\"]",
      "instances": [
        {
          "index_key": 0,
          "schema_version": 0,
          "attributes": {
            "fixed_ip": "",
            "floating_ip": "103.240.24.63",
            "id": "103.240.24.63/c483872b-6c74-4b7d-b8e4-9c76639e2fd9/",
            "instance_id": "c483872b-6c74-4b7d-b8e4-9c76639e2fd9",
            "region": "RegionOne",
            "timeouts": null,
            "wait_until_associated": null
          },
          "sensitive_attributes": [],
          "private": "eyJlMmJmYjczMC1lY2FhLTExZTYtOGY4OC0zNDM2M2JjN2M0YzAiOnsiY3JlYXRlIjo2MDAwMDAwMDAwMDB9fQ==",
          "dependencies": [
            "module.instance.openstack_compute_instance_v2.this",
            "module.instance.openstack_compute_servergroup_v2.anti_affinity_group",
            "module.instance.openstack_networking_floatingip_v2.this",
            "module.network.openstack_networking_network_v2.this",
            "module.network.openstack_networking_subnet_v2.this",
            "module.security_group.openstack_networking_secgroup_v2.this"
          ]
        },
        {
          "index_key": 1,
          "schema_version": 0,
          "attributes": {
            "fixed_ip": "",
            "floating_ip": "103.240.24.122",
            "id": "103.240.24.122/b32f59d5-49bb-49c5-ac65-6a9f5f17c1e3/",
            "instance_id": "b32f59d5-49bb-49c5-ac65-6a9f5f17c1e3",
            "region": "RegionOne",
            "timeouts": null,
            "wait_until_associated": null
          },
          "sensitive_attributes": [],
          "private": "eyJlMmJmYjczMC1lY2FhLTExZTYtOGY4OC0zNDM2M2JjN2M0YzAiOnsiY3JlYXRlIjo2MDAwMDAwMDAwMDB9fQ==",
          "dependencies": [
            "module.instance.openstack_compute_instance_v2.this",
            "module.instance.openstack_compute_servergroup_v2.anti_affinity_group",
            "module.instance.openstack_networking_floatingip_v2.this",
            "module.network.openstack_networking_network_v2.this",
            "module.network.openstack_networking_subnet_v2.this",
            "module.security_group.openstack_networking_secgroup_v2.this"
          ]
        }
      ]
    },
    {
      "module": "module.instance",
      "mode": "managed",
      "type": "openstack_compute_instance_v2",
      "name": "this",
      "provider": "provider[\"registry.terraform.io/terraform-provider-openstack/openstack\"]",
      "instances": [
        {
          "index_key": 0,
          "schema_version": 0,
          "attributes": {
            "access_ip_v4": "192.168.101.67",
            "access_ip_v6": "",
            "admin_pass": null,
            "all_metadata": {},
            "all_tags": [],
            "availability_zone": "nova",
            "availability_zone_hints": null,
            "block_device": [],
            "config_drive": null,
            "created": "2025-08-03 14:50:32 +0000 UTC",
            "flavor_id": "b4e9cf8d-2bc6-4ebf-96e6-eda6701bb9d6",
            "flavor_name": "gp1-2-4",
            "floating_ip": null,
            "force_delete": false,
            "id": "c483872b-6c74-4b7d-b8e4-9c76639e2fd9",
            "image_id": "26138933-a66d-4170-ab82-3a0d88f3be09",
            "image_name": "ubuntu_22_04",
            "key_pair": "Website-Harsh",
            "metadata": null,
            "name": "web-vm-1",
            "network": [
              {
                "access_network": false,
                "fixed_ip_v4": "192.168.101.67",
                "fixed_ip_v6": "",
                "floating_ip": "",
                "mac": "fa:16:3e:95:22:95",
                "name": "web-net-dev",
                "port": "",
                "uuid": "acd0d1b7-2f8b-4a2c-977d-9689409718c3"
              }
            ],
            "network_mode": null,
            "personality": [],
            "power_state": "active",
            "region": "RegionOne",
            "scheduler_hints": [
              {
                "additional_properties": {},
                "build_near_host_ip": "",
                "different_cell": [],
                "different_host": [],
                "group": "5c555ba4-5c51-4a1a-b506-7ff923e72551",
                "query": [],
                "same_host": [],
                "target_cell": ""
              }
            ],
            "security_groups": [
              "web-sg"
            ],
            "stop_before_destroy": false,
            "tags": [],
            "timeouts": null,
            "updated": "2025-08-03 14:50:48 +0000 UTC",
            "user_data": null,
            "vendor_options": [],
            "volume": []
          },
          "sensitive_attributes": [
            [
              {
                "type": "get_attr",
                "value": "admin_pass"
              }
            ]
          ],
          "private": "eyJlMmJmYjczMC1lY2FhLTExZTYtOGY4OC0zNDM2M2JjN2M0YzAiOnsiY3JlYXRlIjoxODAwMDAwMDAwMDAwLCJkZWxldGUiOjE4MDAwMDAwMDAwMDAsInVwZGF0ZSI6MTgwMDAwMDAwMDAwMH19",
          "dependencies": [
            "module.instance.openstack_compute_servergroup_v2.anti_affinity_group",
            "module.network.openstack_networking_network_v2.this",
            "module.network.openstack_networking_subnet_v2.this",
            "module.security_group.openstack_networking_secgroup_v2.this"
          ]
        },
        {
          "index_key": 1,
          "schema_version": 0,
          "attributes": {
            "access_ip_v4": "192.168.101.220",
            "access_ip_v6": "",
            "admin_pass": null,
            "all_metadata": {},
            "all_tags": [],
            "availability_zone": "nova",
            "availability_zone_hints": null,
            "block_device": [],
            "config_drive": null,
            "created": "2025-08-03 14:50:31 +0000 UTC",
            "flavor_id": "b4e9cf8d-2bc6-4ebf-96e6-eda6701bb9d6",
            "flavor_name": "gp1-2-4",
            "floating_ip": null,
            "force_delete": false,
            "id": "b32f59d5-49bb-49c5-ac65-6a9f5f17c1e3",
            "image_id": "26138933-a66d-4170-ab82-3a0d88f3be09",
            "image_name": "ubuntu_22_04",
            "key_pair": "Website-Harsh",
            "metadata": null,
            "name": "web-vm-2",
            "network": [
              {
                "access_network": false,
                "fixed_ip_v4": "192.168.101.220",
                "fixed_ip_v6": "",
                "floating_ip": "",
                "mac": "fa:16:3e:83:01:68",
                "name": "web-net-dev",
                "port": "",
                "uuid": "acd0d1b7-2f8b-4a2c-977d-9689409718c3"
              }
            ],
            "network_mode": null,
            "personality": [],
            "power_state": "active",
            "region": "RegionOne",
            "scheduler_hints": [
              {
                "additional_properties": {},
                "build_near_host_ip": "",
                "different_cell": [],
                "different_host": [],
                "group": "5c555ba4-5c51-4a1a-b506-7ff923e72551",
                "query": [],
                "same_host": [],
                "target_cell": ""
              }
            ],
            "security_groups": [
              "web-sg"
            ],
            "stop_before_destroy": false,
            "tags": [],
            "timeouts": null,
            "updated": "2025-08-03 14:50:40 +0000 UTC",
            "user_data": null,
            "vendor_options": [],
            "volume": []
          },
          "sensitive_attributes": [
            [
              {
                "type": "get_attr",
                "value": "admin_pass"
              }
            ]
          ],
          "private": "eyJlMmJmYjczMC1lY2FhLTExZTYtOGY4OC0zNDM2M2JjN2M0YzAiOnsiY3JlYXRlIjoxODAwMDAwMDAwMDAwLCJkZWxldGUiOjE4MDAwMDAwMDAwMDAsInVwZGF0ZSI6MTgwMDAwMDAwMDAwMH19",
          "dependencies": [
            "module.instance.openstack_compute_servergroup_v2.anti_affinity_group",
            "module.network.openstack_networking_network_v2.this",
            "module.network.openstack_networking_subnet_v2.this",
            "module.security_group.openstack_networking_secgroup_v2.this"
          ]
        }
      ]
    },
    {
      "module": "module.instance",
      "mode": "managed",
      "type": "openstack_compute_servergroup_v2",
      "name": "anti_affinity_group",
      "provider": "provider[\"registry.terraform.io/terraform-provider-openstack/openstack\"]",
      "instances": [
        {
          "schema_version": 0,
          "attributes": {
            "id": "5c555ba4-5c51-4a1a-b506-7ff923e72551",
            "members": [
              "c483872b-6c74-4b7d-b8e4-9c76639e2fd9",
              "b32f59d5-49bb-49c5-ac65-6a9f5f17c1e3"
            ],
            "name": "web-vm-anti-affinity",
            "policies": [
              "anti-affinity"
            ],
            "region": "RegionOne",
            "rules": [
              {
                "max_server_per_host": 0
              }
            ],
            "value_specs": null
          },
          "sensitive_attributes": [],
          "private": "bnVsbA==",
          "dependencies": [
            "module.network.openstack_networking_network_v2.this",
            "module.network.openstack_networking_subnet_v2.this"
          ]
        }
      ]
    },
    {
      "module": "module.instance",
      "mode": "managed",
      "type": "openstack_networking_floatingip_v2",
      "name": "this",
      "provider": "provider[\"registry.terraform.io/terraform-provider-openstack/openstack\"]",
      "instances": [
        {
          "index_key": 0,
          "schema_version": 0,
          "attributes": {
            "address": "103.240.24.63",
            "all_tags": [],
            "description": "",
            "dns_domain": "",
            "dns_name": "",
            "fixed_ip": "192.168.101.67",
            "id": "5daa9ef2-87ee-4290-bd24-369e9a92023e",
            "pool": "Airtel ILL",
            "port_id": "b7c80586-c74e-42ec-9d76-ea1419d4dc9a",
            "region": "RegionOne",
            "subnet_id": null,
            "subnet_ids": null,
            "tags": [],
            "tenant_id": "47cee70dcb5d4add9baca7d25b4c2987",
            "timeouts": null,
            "value_specs": null
          },
          "sensitive_attributes": [],
          "private": "eyJlMmJmYjczMC1lY2FhLTExZTYtOGY4OC0zNDM2M2JjN2M0YzAiOnsiY3JlYXRlIjo2MDAwMDAwMDAwMDAsImRlbGV0ZSI6NjAwMDAwMDAwMDAwfX0=",
          "dependencies": [
            "module.network.openstack_networking_network_v2.this",
            "module.network.openstack_networking_subnet_v2.this"
          ]
        },
        {
          "index_key": 1,
          "schema_version": 0,
          "attributes": {
            "address": "103.240.24.122",
            "all_tags": [],
            "description": "",
            "dns_domain": "",
            "dns_name": "",
            "fixed_ip": "192.168.101.220",
            "id": "fda45642-6db9-4b95-9df7-e251c8a246be",
            "pool": "Airtel ILL",
            "port_id": "e52ce0db-0a73-4f95-b840-ea30c0f43285",
            "region": "RegionOne",
            "subnet_id": null,
            "subnet_ids": null,
            "tags": [],
            "tenant_id": "47cee70dcb5d4add9baca7d25b4c2987",
            "timeouts": null,
            "value_specs": null
          },
          "sensitive_attributes": [],
          "private": "eyJlMmJmYjczMC1lY2FhLTExZTYtOGY4OC0zNDM2M2JjN2M0YzAiOnsiY3JlYXRlIjo2MDAwMDAwMDAwMDAsImRlbGV0ZSI6NjAwMDAwMDAwMDAwfX0=",
          "dependencies": [
            "module.network.openstack_networking_network_v2.this",
            "module.network.openstack_networking_subnet_v2.this"
          ]
        }
      ]
    },
    {
      "module": "module.loadbalancer",
      "mode": "managed",
      "type": "openstack_lb_listener_v2",
      "name": "this",
      "provider": "provider[\"registry.terraform.io/terraform-provider-openstack/openstack\"]",
      "instances": [
        {
          "schema_version": 0,
          "attributes": {
            "admin_state_up": true,
            "allowed_cidrs": [],
            "connection_limit": -1,
            "default_pool_id": "e6a6afa1-4eb8-4a97-a7e3-6d0be355d650",
            "default_tls_container_ref": "",
            "description": "",
            "id": "ae73a364-9b0d-45bb-9406-627eba45c229",
            "insert_headers": {},
            "loadbalancer_id": "7bcc97ee-23ba-4cf1-9a00-b72a2a59a43d",
            "name": "web-ft-listener",
            "protocol": "HTTP",
            "protocol_port": 80,
            "region": "RegionOne",
            "sni_container_refs": [],
            "tags": [],
            "tenant_id": "47cee70dcb5d4add9baca7d25b4c2987",
            "timeout_client_data": 50000,
            "timeout_member_connect": 5000,
            "timeout_member_data": 50000,
            "timeout_tcp_inspect": 0,
            "timeouts": null
          },
          "sensitive_attributes": [],
          "private": "eyJlMmJmYjczMC1lY2FhLTExZTYtOGY4OC0zNDM2M2JjN2M0YzAiOnsiY3JlYXRlIjo2MDAwMDAwMDAwMDAsImRlbGV0ZSI6NjAwMDAwMDAwMDAwLCJ1cGRhdGUiOjYwMDAwMDAwMDAwMH19",
          "dependencies": [
            "module.instance.openstack_compute_floatingip_associate_v2.this",
            "module.instance.openstack_compute_instance_v2.this",
            "module.instance.openstack_compute_servergroup_v2.anti_affinity_group",
            "module.instance.openstack_networking_floatingip_v2.this",
            "module.loadbalancer.openstack_lb_loadbalancer_v2.this",
            "module.network.openstack_networking_network_v2.this",
            "module.network.openstack_networking_subnet_v2.this",
            "module.provisioner.null_resource.provision_instance",
            "module.security_group.openstack_networking_secgroup_v2.this"
          ]
        }
      ]
    },
    {
      "module": "module.loadbalancer",
      "mode": "managed",
      "type": "openstack_lb_loadbalancer_v2",
      "name": "this",
      "provider": "provider[\"registry.terraform.io/terraform-provider-openstack/openstack\"]",
      "instances": [
        {
          "schema_version": 0,
          "attributes": {
            "admin_state_up": true,
            "availability_zone": "",
            "description": "",
            "flavor_id": "",
            "id": "7bcc97ee-23ba-4cf1-9a00-b72a2a59a43d",
            "loadbalancer_provider": "amphora",
            "name": "web-ft-lb",
            "region": "RegionOne",
            "security_group_ids": [
              "1b9c4137-517a-490c-b075-6549bbdf3f9b"
            ],
            "tags": [],
            "tenant_id": "47cee70dcb5d4add9baca7d25b4c2987",
            "timeouts": null,
            "vip_address": "192.168.101.191",
            "vip_network_id": "acd0d1b7-2f8b-4a2c-977d-9689409718c3",
            "vip_port_id": "bcdd21b9-8ae0-4c79-978e-933150985235",
            "vip_subnet_id": "44d7d54d-132b-47ef-8ecd-9fd9ab0cc312"
          },
          "sensitive_attributes": [],
          "private": "eyJlMmJmYjczMC1lY2FhLTExZTYtOGY4OC0zNDM2M2JjN2M0YzAiOnsiY3JlYXRlIjo2MDAwMDAwMDAwMDAsImRlbGV0ZSI6MzAwMDAwMDAwMDAwLCJ1cGRhdGUiOjYwMDAwMDAwMDAwMH19",
          "dependencies": [
            "module.instance.openstack_compute_floatingip_associate_v2.this",
            "module.instance.openstack_compute_instance_v2.this",
            "module.instance.openstack_compute_servergroup_v2.anti_affinity_group",
            "module.instance.openstack_networking_floatingip_v2.this",
            "module.network.openstack_networking_network_v2.this",
            "module.network.openstack_networking_subnet_v2.this",
            "module.provisioner.null_resource.provision_instance",
            "module.security_group.openstack_networking_secgroup_v2.this"
          ]
        }
      ]
    },
    {
      "module": "module.loadbalancer",
      "mode": "managed",
      "type": "openstack_lb_member_v2",
      "name": "member1",
      "provider": "provider[\"registry.terraform.io/terraform-provider-openstack/openstack\"]",
      "instances": [
        {
          "schema_version": 0,
          "attributes": {
            "address": "192.168.101.67",
            "admin_state_up": true,
            "backup": false,
            "id": "dbaf063d-f19c-4373-8bac-f43b26be1e8e",
            "monitor_address": "",
            "monitor_port": 0,
            "name": "",
            "pool_id": "e6a6afa1-4eb8-4a97-a7e3-6d0be355d650",
            "protocol_port": 80,
            "region": "RegionOne",
            "subnet_id": "44d7d54d-132b-47ef-8ecd-9fd9ab0cc312",
            "tenant_id": "47cee70dcb5d4add9baca7d25b4c2987",
            "timeouts": null,
            "weight": 1
          },
          "sensitive_attributes": [],
          "private": "eyJlMmJmYjczMC1lY2FhLTExZTYtOGY4OC0zNDM2M2JjN2M0YzAiOnsiY3JlYXRlIjo2MDAwMDAwMDAwMDAsImRlbGV0ZSI6NjAwMDAwMDAwMDAwLCJ1cGRhdGUiOjYwMDAwMDAwMDAwMH19",
          "dependencies": [
            "module.instance.openstack_compute_floatingip_associate_v2.this",
            "module.instance.openstack_compute_instance_v2.this",
            "module.instance.openstack_compute_servergroup_v2.anti_affinity_group",
            "module.instance.openstack_networking_floatingip_v2.this",
            "module.loadbalancer.openstack_lb_listener_v2.this",
            "module.loadbalancer.openstack_lb_loadbalancer_v2.this",
            "module.loadbalancer.openstack_lb_pool_v2.this",
            "module.network.openstack_networking_network_v2.this",
            "module.network.openstack_networking_subnet_v2.this",
            "module.provisioner.null_resource.provision_instance",
            "module.security_group.openstack_networking_secgroup_v2.this"
          ]
        }
      ]
    },
    {
      "module": "module.loadbalancer",
      "mode": "managed",
      "type": "openstack_lb_member_v2",
      "name": "member2",
      "provider": "provider[\"registry.terraform.io/terraform-provider-openstack/openstack\"]",
      "instances": [
        {
          "schema_version": 0,
          "attributes": {
            "address": "192.168.101.220",
            "admin_state_up": true,
            "backup": false,
            "id": "09e14937-a7a1-4688-b3e7-395e3a97d237",
            "monitor_address": "",
            "monitor_port": 0,
            "name": "",
            "pool_id": "e6a6afa1-4eb8-4a97-a7e3-6d0be355d650",
            "protocol_port": 80,
            "region": "RegionOne",
            "subnet_id": "44d7d54d-132b-47ef-8ecd-9fd9ab0cc312",
            "tenant_id": "47cee70dcb5d4add9baca7d25b4c2987",
            "timeouts": null,
            "weight": 1
          },
          "sensitive_attributes": [],
          "private": "eyJlMmJmYjczMC1lY2FhLTExZTYtOGY4OC0zNDM2M2JjN2M0YzAiOnsiY3JlYXRlIjo2MDAwMDAwMDAwMDAsImRlbGV0ZSI6NjAwMDAwMDAwMDAwLCJ1cGRhdGUiOjYwMDAwMDAwMDAwMH19",
          "dependencies": [
            "module.instance.openstack_compute_floatingip_associate_v2.this",
            "module.instance.openstack_compute_instance_v2.this",
            "module.instance.openstack_compute_servergroup_v2.anti_affinity_group",
            "module.instance.openstack_networking_floatingip_v2.this",
            "module.loadbalancer.openstack_lb_listener_v2.this",
            "module.loadbalancer.openstack_lb_loadbalancer_v2.this",
            "module.loadbalancer.openstack_lb_pool_v2.this",
            "module.network.openstack_networking_network_v2.this",
            "module.network.openstack_networking_subnet_v2.this",
            "module.provisioner.null_resource.provision_instance",
            "module.security_group.openstack_networking_secgroup_v2.this"
          ]
        }
      ]
    },
    {
      "module": "module.loadbalancer",
      "mode": "managed",
      "type": "openstack_lb_pool_v2",
      "name": "this",
      "provider": "provider[\"registry.terraform.io/terraform-provider-openstack/openstack\"]",
      "instances": [
        {
          "schema_version": 0,
          "attributes": {
            "admin_state_up": true,
            "description": "",
            "id": "e6a6afa1-4eb8-4a97-a7e3-6d0be355d650",
            "lb_method": "ROUND_ROBIN",
            "listener_id": "ae73a364-9b0d-45bb-9406-627eba45c229",
            "loadbalancer_id": null,
            "name": "web-ft-pool",
            "persistence": [
              {
                "cookie_name": "",
                "type": ""
              }
            ],
            "protocol": "HTTP",
            "region": "RegionOne",
            "tenant_id": "47cee70dcb5d4add9baca7d25b4c2987",
            "timeouts": null
          },
          "sensitive_attributes": [],
          "private": "eyJlMmJmYjczMC1lY2FhLTExZTYtOGY4OC0zNDM2M2JjN2M0YzAiOnsiY3JlYXRlIjo2MDAwMDAwMDAwMDAsImRlbGV0ZSI6NjAwMDAwMDAwMDAwLCJ1cGRhdGUiOjYwMDAwMDAwMDAwMH19",
          "dependencies": [
            "module.instance.openstack_compute_floatingip_associate_v2.this",
            "module.instance.openstack_compute_instance_v2.this",
            "module.instance.openstack_compute_servergroup_v2.anti_affinity_group",
            "module.instance.openstack_networking_floatingip_v2.this",
            "module.loadbalancer.openstack_lb_listener_v2.this",
            "module.loadbalancer.openstack_lb_loadbalancer_v2.this",
            "module.network.openstack_networking_network_v2.this",
            "module.network.openstack_networking_subnet_v2.this",
            "module.provisioner.null_resource.provision_instance",
            "module.security_group.openstack_networking_secgroup_v2.this"
          ]
        }
      ]
    },
    {
      "module": "module.loadbalancer",
      "mode": "managed",
      "type": "openstack_networking_floatingip_associate_v2",
      "name": "this",
      "provider": "provider[\"registry.terraform.io/terraform-provider-openstack/openstack\"]",
      "instances": [
        {
          "schema_version": 0,
          "attributes": {
            "fixed_ip": "192.168.101.191",
            "floating_ip": "103.240.24.31",
            "id": "3ad3224b-e0d7-4bf7-9cf1-89aa74277cb2",
            "port_id": "bcdd21b9-8ae0-4c79-978e-933150985235",
            "region": "RegionOne"
          },
          "sensitive_attributes": [],
          "private": "bnVsbA==",
          "dependencies": [
            "module.instance.openstack_compute_floatingip_associate_v2.this",
            "module.instance.openstack_compute_instance_v2.this",
            "module.instance.openstack_compute_servergroup_v2.anti_affinity_group",
            "module.instance.openstack_networking_floatingip_v2.this",
            "module.loadbalancer.openstack_lb_loadbalancer_v2.this",
            "module.loadbalancer.openstack_networking_floatingip_v2.this",
            "module.network.openstack_networking_network_v2.this",
            "module.network.openstack_networking_subnet_v2.this",
            "module.provisioner.null_resource.provision_instance",
            "module.security_group.openstack_networking_secgroup_v2.this"
          ]
        }
      ]
    },
    {
      "module": "module.loadbalancer",
      "mode": "managed",
      "type": "openstack_networking_floatingip_v2",
      "name": "this",
      "provider": "provider[\"registry.terraform.io/terraform-provider-openstack/openstack\"]",
      "instances": [
        {
          "schema_version": 0,
          "attributes": {
            "address": "103.240.24.31",
            "all_tags": [],
            "description": "",
            "dns_domain": "",
            "dns_name": "",
            "fixed_ip": "",
            "id": "3ad3224b-e0d7-4bf7-9cf1-89aa74277cb2",
            "pool": "Airtel ILL",
            "port_id": "",
            "region": "RegionOne",
            "subnet_id": null,
            "subnet_ids": null,
            "tags": null,
            "tenant_id": "47cee70dcb5d4add9baca7d25b4c2987",
            "timeouts": null,
            "value_specs": null
          },
          "sensitive_attributes": [],
          "private": "eyJlMmJmYjczMC1lY2FhLTExZTYtOGY4OC0zNDM2M2JjN2M0YzAiOnsiY3JlYXRlIjo2MDAwMDAwMDAwMDAsImRlbGV0ZSI6NjAwMDAwMDAwMDAwfX0=",
          "dependencies": [
            "module.instance.openstack_compute_floatingip_associate_v2.this",
            "module.instance.openstack_compute_instance_v2.this",
            "module.instance.openstack_compute_servergroup_v2.anti_affinity_group",
            "module.instance.openstack_networking_floatingip_v2.this",
            "module.network.openstack_networking_network_v2.this",
            "module.network.openstack_networking_subnet_v2.this",
            "module.provisioner.null_resource.provision_instance",
            "module.security_group.openstack_networking_secgroup_v2.this"
          ]
        }
      ]
    },
    {
      "module": "module.network",
      "mode": "managed",
      "type": "openstack_networking_network_v2",
      "name": "this",
      "provider": "provider[\"registry.terraform.io/terraform-provider-openstack/openstack\"]",
      "instances": [
        {
          "schema_version": 0,
          "attributes": {
            "admin_state_up": true,
            "all_tags": [],
            "availability_zone_hints": [],
            "description": "",
            "dns_domain": "",
            "external": false,
            "id": "acd0d1b7-2f8b-4a2c-977d-9689409718c3",
            "mtu": 1442,
            "name": "web-net-dev",
            "port_security_enabled": true,
            "qos_policy_id": "",
            "region": "RegionOne",
            "segments": [],
            "shared": false,
            "tags": [],
            "tenant_id": "47cee70dcb5d4add9baca7d25b4c2987",
            "timeouts": null,
            "transparent_vlan": false,
            "value_specs": null
          },
          "sensitive_attributes": [],
          "private": "eyJlMmJmYjczMC1lY2FhLTExZTYtOGY4OC0zNDM2M2JjN2M0YzAiOnsiY3JlYXRlIjo2MDAwMDAwMDAwMDAsImRlbGV0ZSI6NjAwMDAwMDAwMDAwfX0="
        }
      ]
    },
    {
      "module": "module.network",
      "mode": "managed",
      "type": "openstack_networking_subnet_v2",
      "name": "this",
      "provider": "provider[\"registry.terraform.io/terraform-provider-openstack/openstack\"]",
      "instances": [
        {
          "schema_version": 0,
          "attributes": {
            "all_tags": [],
            "allocation_pool": [
              {
                "end": "192.168.101.254",
                "start": "192.168.101.2"
              }
            ],
            "allocation_pools": [
              {
                "end": "192.168.101.254",
                "start": "192.168.101.2"
              }
            ],
            "cidr": "192.168.101.0/24",
            "description": "",
            "dns_nameservers": [
              "8.8.8.8"
            ],
            "enable_dhcp": true,
            "gateway_ip": "192.168.101.1",
            "host_routes": [],
            "id": "44d7d54d-132b-47ef-8ecd-9fd9ab0cc312",
            "ip_version": 4,
            "ipv6_address_mode": "",
            "ipv6_ra_mode": "",
            "name": "web-subnet-dev",
            "network_id": "acd0d1b7-2f8b-4a2c-977d-9689409718c3",
            "no_gateway": false,
            "prefix_length": null,
            "region": "RegionOne",
            "service_types": [],
            "subnetpool_id": "",
            "tags": [],
            "tenant_id": "47cee70dcb5d4add9baca7d25b4c2987",
            "timeouts": null,
            "value_specs": null
          },
          "sensitive_attributes": [],
          "private": "eyJlMmJmYjczMC1lY2FhLTExZTYtOGY4OC0zNDM2M2JjN2M0YzAiOnsiY3JlYXRlIjo2MDAwMDAwMDAwMDAsImRlbGV0ZSI6NjAwMDAwMDAwMDAwfX0=",
          "dependencies": [
            "module.network.openstack_networking_network_v2.this"
          ]
        }
      ]
    },
    {
      "module": "module.provisioner",
      "mode": "managed",
      "type": "null_resource",
      "name": "provision_instance",
      "provider": "provider[\"registry.terraform.io/hashicorp/null\"]",
      "instances": [
        {
          "index_key": 0,
          "schema_version": 0,
          "attributes": {
            "id": "7359289123421829450",
            "triggers": null
          },
          "sensitive_attributes": [],
          "dependencies": [
            "module.instance.openstack_compute_floatingip_associate_v2.this",
            "module.instance.openstack_compute_instance_v2.this",
            "module.instance.openstack_compute_servergroup_v2.anti_affinity_group",
            "module.instance.openstack_networking_floatingip_v2.this",
            "module.network.openstack_networking_network_v2.this",
            "module.network.openstack_networking_subnet_v2.this",
            "module.security_group.openstack_networking_secgroup_v2.this"
          ]
        },
        {
          "index_key": 1,
          "schema_version": 0,
          "attributes": {
            "id": "4681558079686670099",
            "triggers": null
          },
          "sensitive_attributes": [],
          "dependencies": [
            "module.instance.openstack_compute_floatingip_associate_v2.this",
            "module.instance.openstack_compute_instance_v2.this",
            "module.instance.openstack_compute_servergroup_v2.anti_affinity_group",
            "module.instance.openstack_networking_floatingip_v2.this",
            "module.network.openstack_networking_network_v2.this",
            "module.network.openstack_networking_subnet_v2.this",
            "module.security_group.openstack_networking_secgroup_v2.this"
          ]
        }
      ]
    },
    {
      "module": "module.router",
      "mode": "managed",
      "type": "openstack_networking_router_interface_v2",
      "name": "this",
      "provider": "provider[\"registry.terraform.io/terraform-provider-openstack/openstack\"]",
      "instances": [
        {
          "schema_version": 0,
          "attributes": {
            "force_destroy": false,
            "id": "45034547-164f-4f1d-975b-6ef771c931df",
            "port_id": "45034547-164f-4f1d-975b-6ef771c931df",
            "region": "RegionOne",
            "router_id": "a524514f-71a8-4f13-971c-ff9b226640e7",
            "subnet_id": "44d7d54d-132b-47ef-8ecd-9fd9ab0cc312",
            "timeouts": null
          },
          "sensitive_attributes": [],
          "private": "eyJlMmJmYjczMC1lY2FhLTExZTYtOGY4OC0zNDM2M2JjN2M0YzAiOnsiY3JlYXRlIjo2MDAwMDAwMDAwMDAsImRlbGV0ZSI6NjAwMDAwMDAwMDAwfX0=",
          "dependencies": [
            "module.network.openstack_networking_network_v2.this",
            "module.network.openstack_networking_subnet_v2.this",
            "module.router.openstack_networking_router_v2.this"
          ]
        }
      ]
    },
    {
      "module": "module.router",
      "mode": "managed",
      "type": "openstack_networking_router_v2",
      "name": "this",
      "provider": "provider[\"registry.terraform.io/terraform-provider-openstack/openstack\"]",
      "instances": [
        {
          "schema_version": 0,
          "attributes": {
            "admin_state_up": true,
            "all_tags": [],
            "availability_zone_hints": [],
            "description": "",
            "distributed": false,
            "enable_snat": true,
            "external_fixed_ip": [
              {
                "ip_address": "103.240.24.135",
                "subnet_id": "caa7f162-a7bc-4597-9744-e35bd90a6699"
              }
            ],
            "external_gateway": "7d815e01-1bfb-4cb5-9645-a767cb2b605a",
            "external_network_id": "7d815e01-1bfb-4cb5-9645-a767cb2b605a",
            "external_subnet_ids": null,
            "id": "a524514f-71a8-4f13-971c-ff9b226640e7",
            "name": "web-router",
            "region": "RegionOne",
            "tags": [],
            "tenant_id": "47cee70dcb5d4add9baca7d25b4c2987",
            "timeouts": null,
            "value_specs": null,
            "vendor_options": []
          },
          "sensitive_attributes": [],
          "private": "eyJlMmJmYjczMC1lY2FhLTExZTYtOGY4OC0zNDM2M2JjN2M0YzAiOnsiY3JlYXRlIjo2MDAwMDAwMDAwMDAsImRlbGV0ZSI6NjAwMDAwMDAwMDAwfX0="
        }
      ]
    },
    {
      "module": "module.security_group",
      "mode": "managed",
      "type": "openstack_networking_secgroup_rule_v2",
      "name": "allow_http",
      "provider": "provider[\"registry.terraform.io/terraform-provider-openstack/openstack\"]",
      "instances": [
        {
          "schema_version": 0,
          "attributes": {
            "description": "",
            "direction": "ingress",
            "ethertype": "IPv4",
            "id": "600b9f4a-5a95-4951-93c7-39cb49700b68",
            "port_range_max": 80,
            "port_range_min": 80,
            "protocol": "tcp",
            "region": "RegionOne",
            "remote_group_id": "",
            "remote_ip_prefix": "0.0.0.0/0",
            "security_group_id": "ade46305-4002-4f99-a552-90d1416e11d8",
            "tenant_id": "47cee70dcb5d4add9baca7d25b4c2987",
            "timeouts": null
          },
          "sensitive_attributes": [],
          "private": "eyJlMmJmYjczMC1lY2FhLTExZTYtOGY4OC0zNDM2M2JjN2M0YzAiOnsiZGVsZXRlIjo2MDAwMDAwMDAwMDB9fQ==",
          "dependencies": [
            "module.security_group.openstack_networking_secgroup_v2.this"
          ]
        }
      ]
    },
    {
      "module": "module.security_group",
      "mode": "managed",
      "type": "openstack_networking_secgroup_rule_v2",
      "name": "allow_ssh",
      "provider": "provider[\"registry.terraform.io/terraform-provider-openstack/openstack\"]",
      "instances": [
        {
          "schema_version": 0,
          "attributes": {
            "description": "",
            "direction": "ingress",
            "ethertype": "IPv4",
            "id": "6cff07a0-7528-4d40-abea-45e87888669d",
            "port_range_max": 22,
            "port_range_min": 22,
            "protocol": "tcp",
            "region": "RegionOne",
            "remote_group_id": "",
            "remote_ip_prefix": "0.0.0.0/0",
            "security_group_id": "ade46305-4002-4f99-a552-90d1416e11d8",
            "tenant_id": "47cee70dcb5d4add9baca7d25b4c2987",
            "timeouts": null
          },
          "sensitive_attributes": [],
          "private": "eyJlMmJmYjczMC1lY2FhLTExZTYtOGY4OC0zNDM2M2JjN2M0YzAiOnsiZGVsZXRlIjo2MDAwMDAwMDAwMDB9fQ==",
          "dependencies": [
            "module.security_group.openstack_networking_secgroup_v2.this"
          ]
        }
      ]
    },
    {
      "module": "module.security_group",
      "mode": "managed",
      "type": "openstack_networking_secgroup_v2",
      "name": "this",
      "provider": "provider[\"registry.terraform.io/terraform-provider-openstack/openstack\"]",
      "instances": [
        {
          "schema_version": 0,
          "attributes": {
            "all_tags": [],
            "delete_default_rules": null,
            "description": "Allow SSH and HTTP",
            "id": "ade46305-4002-4f99-a552-90d1416e11d8",
            "name": "web-sg",
            "region": "RegionOne",
            "tags": [],
            "tenant_id": "47cee70dcb5d4add9baca7d25b4c2987",
            "timeouts": null
          },
          "sensitive_attributes": [],
          "private": "eyJlMmJmYjczMC1lY2FhLTExZTYtOGY4OC0zNDM2M2JjN2M0YzAiOnsiZGVsZXRlIjo2MDAwMDAwMDAwMDB9fQ=="
        }
      ]
    }
  ],
  "check_results": null
}
