{
  "version": 4,
  "terraform_version": "1.11.4",
  "serial": 511,
  "lineage": "0d02b541-d063-ef99-d0de-59be8e38aee7",
  "outputs": {
    "instance_ips": {
      "value": [
        "103.240.25.244",
        "103.240.25.220"
      ],
      "type": [
        "tuple",
        [
          "string",
          "string"
        ]
      ]
    }
  },
  "resources": [
    {
      "module": "module.instance",
      "mode": "managed",
      "type": "openstack_compute_instance_v2",
      "name": "this",
      "provider": "provider[\"registry.terraform.io/terraform-provider-openstack/openstack\"]",
      "instances": [
        {
          "index_key": 0,
          "schema_version": 0,
          "attributes": {
            "access_ip_v4": "192.168.101.187",
            "access_ip_v6": "",
            "admin_pass": null,
            "all_metadata": {},
            "all_tags": [],
            "availability_zone": "nova",
            "availability_zone_hints": null,
            "block_device": [],
            "config_drive": null,
            "created": "2025-08-03 14:33:20 +0000 UTC",
            "flavor_id": "3e8fc898-ad2f-436d-9db1-35cf883636c6",
            "flavor_name": "m1.medium",
            "floating_ip": null,
            "force_delete": false,
            "id": "73da112d-328f-4f95-b701-115bfd078003",
            "image_id": "6d0aad6c-3f07-4ae3-8a71-277f85abbf85",
            "image_name": "ubuntu 22.04",
            "key_pair": "ankur-poc",
            "metadata": null,
            "name": "web-vm-1",
            "network": [
              {
                "access_network": false,
                "fixed_ip_v4": "192.168.101.187",
                "fixed_ip_v6": "",
                "floating_ip": "",
                "mac": "fa:16:3e:5d:9c:3b",
                "name": "web-net-dev",
                "port": "",
                "uuid": "a7023c91-195c-406c-bcbc-3b7181d1d343"
              }
            ],
            "network_mode": null,
            "personality": [],
            "power_state": "active",
            "region": "RegionOne",
            "scheduler_hints": [
              {
                "additional_properties": null,
                "build_near_host_ip": "",
                "different_cell": [],
                "different_host": [],
                "group": "ad5dbf84-3a2c-4af0-ac64-3639ed485e6c",
                "query": [],
                "same_host": [],
                "target_cell": ""
              }
            ],
            "security_groups": [
              "web-sg"
            ],
            "stop_before_destroy": false,
            "tags": null,
            "timeouts": null,
            "updated": "2025-08-03 14:33:30 +0000 UTC",
            "user_data": null,
            "vendor_options": [],
            "volume": []
          },
          "sensitive_attributes": [
            [
              {
                "type": "get_attr",
                "value": "admin_pass"
              }
            ]
          ],
          "private": "eyJlMmJmYjczMC1lY2FhLTExZTYtOGY4OC0zNDM2M2JjN2M0YzAiOnsiY3JlYXRlIjoxODAwMDAwMDAwMDAwLCJkZWxldGUiOjE4MDAwMDAwMDAwMDAsInVwZGF0ZSI6MTgwMDAwMDAwMDAwMH19",
          "dependencies": [
            "module.instance.openstack_compute_servergroup_v2.anti_affinity_group",
            "module.network.openstack_networking_network_v2.this",
            "module.network.openstack_networking_subnet_v2.this",
            "module.security_group.openstack_networking_secgroup_v2.this"
          ]
        },
        {
          "index_key": 1,
          "status": "tainted",
          "schema_version": 0,
          "attributes": {
            "access_ip_v4": null,
            "access_ip_v6": null,
            "admin_pass": null,
            "all_metadata": null,
            "all_tags": [],
            "availability_zone": null,
            "availability_zone_hints": null,
            "block_device": [],
            "config_drive": null,
            "created": null,
            "flavor_id": null,
            "flavor_name": "m1.medium",
            "floating_ip": null,
            "force_delete": false,
            "id": "502f6e33-230f-4805-a338-86d4d61651b1",
            "image_id": null,
            "image_name": "ubuntu 22.04",
            "key_pair": "ankur-poc",
            "metadata": null,
            "name": "web-vm-2",
            "network": [
              {
                "access_network": false,
                "fixed_ip_v4": "",
                "fixed_ip_v6": "",
                "floating_ip": "",
                "mac": "",
                "name": "",
                "port": "",
                "uuid": "a7023c91-195c-406c-bcbc-3b7181d1d343"
              }
            ],
            "network_mode": null,
            "personality": [],
            "power_state": "active",
            "region": null,
            "scheduler_hints": [
              {
                "additional_properties": null,
                "build_near_host_ip": "",
                "different_cell": [],
                "different_host": [],
                "group": "ad5dbf84-3a2c-4af0-ac64-3639ed485e6c",
                "query": [],
                "same_host": [],
                "target_cell": ""
              }
            ],
            "security_groups": [
              "web-sg"
            ],
            "stop_before_destroy": false,
            "tags": null,
            "timeouts": null,
            "updated": null,
            "user_data": null,
            "vendor_options": [],
            "volume": []
          },
          "sensitive_attributes": [
            [
              {
                "type": "get_attr",
                "value": "admin_pass"
              }
            ]
          ],
          "private": "eyJlMmJmYjczMC1lY2FhLTExZTYtOGY4OC0zNDM2M2JjN2M0YzAiOnsiY3JlYXRlIjoxODAwMDAwMDAwMDAwLCJkZWxldGUiOjE4MDAwMDAwMDAwMDAsInVwZGF0ZSI6MTgwMDAwMDAwMDAwMH19",
          "dependencies": [
            "module.instance.openstack_compute_servergroup_v2.anti_affinity_group",
            "module.network.openstack_networking_network_v2.this",
            "module.network.openstack_networking_subnet_v2.this",
            "module.security_group.openstack_networking_secgroup_v2.this"
          ]
        }
      ]
    },
    {
      "module": "module.instance",
      "mode": "managed",
      "type": "openstack_compute_servergroup_v2",
      "name": "anti_affinity_group",
      "provider": "provider[\"registry.terraform.io/terraform-provider-openstack/openstack\"]",
      "instances": [
        {
          "schema_version": 0,
          "attributes": {
            "id": "ad5dbf84-3a2c-4af0-ac64-3639ed485e6c",
            "members": [],
            "name": "web-vm-anti-affinity",
            "policies": [
              "anti-affinity"
            ],
            "region": "RegionOne",
            "rules": [
              {
                "max_server_per_host": 0
              }
            ],
            "value_specs": null
          },
          "sensitive_attributes": [],
          "private": "bnVsbA==",
          "dependencies": [
            "module.network.openstack_networking_network_v2.this",
            "module.network.openstack_networking_subnet_v2.this"
          ]
        }
      ]
    },
    {
      "module": "module.instance",
      "mode": "managed",
      "type": "openstack_networking_floatingip_v2",
      "name": "this",
      "provider": "provider[\"registry.terraform.io/terraform-provider-openstack/openstack\"]",
      "instances": [
        {
          "index_key": 0,
          "schema_version": 0,
          "attributes": {
            "address": "103.240.25.244",
            "all_tags": [],
            "description": "",
            "dns_domain": "",
            "dns_name": "",
            "fixed_ip": "",
            "id": "0fc0fef1-70cb-4991-b4da-761b80aa6951",
            "pool": "PUBLIC ILL",
            "port_id": "",
            "region": "RegionOne",
            "subnet_id": null,
            "subnet_ids": null,
            "tags": null,
            "tenant_id": "3f387de1dda2460c8203216b624417c2",
            "timeouts": null,
            "value_specs": null
          },
          "sensitive_attributes": [],
          "private": "eyJlMmJmYjczMC1lY2FhLTExZTYtOGY4OC0zNDM2M2JjN2M0YzAiOnsiY3JlYXRlIjo2MDAwMDAwMDAwMDAsImRlbGV0ZSI6NjAwMDAwMDAwMDAwfX0=",
          "dependencies": [
            "module.network.openstack_networking_network_v2.this",
            "module.network.openstack_networking_subnet_v2.this"
          ]
        },
        {
          "index_key": 1,
          "schema_version": 0,
          "attributes": {
            "address": "103.240.25.220",
            "all_tags": [],
            "description": "",
            "dns_domain": "",
            "dns_name": "",
            "fixed_ip": "",
            "id": "6d9b77f3-9f8d-4948-af46-9076ce18d91b",
            "pool": "PUBLIC ILL",
            "port_id": "",
            "region": "RegionOne",
            "subnet_id": null,
            "subnet_ids": null,
            "tags": null,
            "tenant_id": "3f387de1dda2460c8203216b624417c2",
            "timeouts": null,
            "value_specs": null
          },
          "sensitive_attributes": [],
          "private": "eyJlMmJmYjczMC1lY2FhLTExZTYtOGY4OC0zNDM2M2JjN2M0YzAiOnsiY3JlYXRlIjo2MDAwMDAwMDAwMDAsImRlbGV0ZSI6NjAwMDAwMDAwMDAwfX0=",
          "dependencies": [
            "module.network.openstack_networking_network_v2.this",
            "module.network.openstack_networking_subnet_v2.this"
          ]
        }
      ]
    },
    {
      "module": "module.network",
      "mode": "managed",
      "type": "openstack_networking_network_v2",
      "name": "this",
      "provider": "provider[\"registry.terraform.io/terraform-provider-openstack/openstack\"]",
      "instances": [
        {
          "schema_version": 0,
          "attributes": {
            "admin_state_up": true,
            "all_tags": [],
            "availability_zone_hints": [],
            "description": "",
            "dns_domain": "",
            "external": false,
            "id": "a7023c91-195c-406c-bcbc-3b7181d1d343",
            "mtu": 1450,
            "name": "web-net-dev",
            "port_security_enabled": true,
            "qos_policy_id": "",
            "region": "RegionOne",
            "segments": [],
            "shared": false,
            "tags": null,
            "tenant_id": "3f387de1dda2460c8203216b624417c2",
            "timeouts": null,
            "transparent_vlan": false,
            "value_specs": null
          },
          "sensitive_attributes": [],
          "private": "eyJlMmJmYjczMC1lY2FhLTExZTYtOGY4OC0zNDM2M2JjN2M0YzAiOnsiY3JlYXRlIjo2MDAwMDAwMDAwMDAsImRlbGV0ZSI6NjAwMDAwMDAwMDAwfX0="
        }
      ]
    },
    {
      "module": "module.network",
      "mode": "managed",
      "type": "openstack_networking_subnet_v2",
      "name": "this",
      "provider": "provider[\"registry.terraform.io/terraform-provider-openstack/openstack\"]",
      "instances": [
        {
          "schema_version": 0,
          "attributes": {
            "all_tags": [],
            "allocation_pool": [
              {
                "end": "192.168.101.254",
                "start": "192.168.101.2"
              }
            ],
            "allocation_pools": [
              {
                "end": "192.168.101.254",
                "start": "192.168.101.2"
              }
            ],
            "cidr": "192.168.101.0/24",
            "description": "",
            "dns_nameservers": [
              "8.8.8.8"
            ],
            "enable_dhcp": true,
            "gateway_ip": "192.168.101.1",
            "host_routes": [],
            "id": "60ef6373-8e8e-476f-b571-5ba08004120a",
            "ip_version": 4,
            "ipv6_address_mode": "",
            "ipv6_ra_mode": "",
            "name": "web-subnet-dev",
            "network_id": "a7023c91-195c-406c-bcbc-3b7181d1d343",
            "no_gateway": false,
            "prefix_length": null,
            "region": "RegionOne",
            "service_types": [],
            "subnetpool_id": "",
            "tags": null,
            "tenant_id": "3f387de1dda2460c8203216b624417c2",
            "timeouts": null,
            "value_specs": null
          },
          "sensitive_attributes": [],
          "private": "eyJlMmJmYjczMC1lY2FhLTExZTYtOGY4OC0zNDM2M2JjN2M0YzAiOnsiY3JlYXRlIjo2MDAwMDAwMDAwMDAsImRlbGV0ZSI6NjAwMDAwMDAwMDAwfX0=",
          "dependencies": [
            "module.network.openstack_networking_network_v2.this"
          ]
        }
      ]
    },
    {
      "module": "module.router",
      "mode": "managed",
      "type": "openstack_networking_router_interface_v2",
      "name": "this",
      "provider": "provider[\"registry.terraform.io/terraform-provider-openstack/openstack\"]",
      "instances": [
        {
          "schema_version": 0,
          "attributes": {
            "force_destroy": false,
            "id": "3f311355-660d-414f-8553-6ac4338dfbb1",
            "port_id": "3f311355-660d-414f-8553-6ac4338dfbb1",
            "region": "RegionOne",
            "router_id": "d730930d-8000-4497-894c-e89d2e69ad99",
            "subnet_id": "60ef6373-8e8e-476f-b571-5ba08004120a",
            "timeouts": null
          },
          "sensitive_attributes": [],
          "private": "eyJlMmJmYjczMC1lY2FhLTExZTYtOGY4OC0zNDM2M2JjN2M0YzAiOnsiY3JlYXRlIjo2MDAwMDAwMDAwMDAsImRlbGV0ZSI6NjAwMDAwMDAwMDAwfX0=",
          "dependencies": [
            "module.network.openstack_networking_network_v2.this",
            "module.network.openstack_networking_subnet_v2.this",
            "module.router.openstack_networking_router_v2.this"
          ]
        }
      ]
    },
    {
      "module": "module.router",
      "mode": "managed",
      "type": "openstack_networking_router_v2",
      "name": "this",
      "provider": "provider[\"registry.terraform.io/terraform-provider-openstack/openstack\"]",
      "instances": [
        {
          "schema_version": 0,
          "attributes": {
            "admin_state_up": true,
            "all_tags": [],
            "availability_zone_hints": [],
            "description": "",
            "distributed": false,
            "enable_snat": true,
            "external_fixed_ip": [
              {
                "ip_address": "103.240.25.247",
                "subnet_id": "41b7eb8f-34e8-4488-8806-12100b222f35"
              }
            ],
            "external_gateway": "434c3dd4-79fb-48bb-96cf-9689ed049227",
            "external_network_id": "434c3dd4-79fb-48bb-96cf-9689ed049227",
            "external_subnet_ids": null,
            "id": "d730930d-8000-4497-894c-e89d2e69ad99",
            "name": "web-router",
            "region": "RegionOne",
            "tags": null,
            "tenant_id": "3f387de1dda2460c8203216b624417c2",
            "timeouts": null,
            "value_specs": null,
            "vendor_options": []
          },
          "sensitive_attributes": [],
          "private": "eyJlMmJmYjczMC1lY2FhLTExZTYtOGY4OC0zNDM2M2JjN2M0YzAiOnsiY3JlYXRlIjo2MDAwMDAwMDAwMDAsImRlbGV0ZSI6NjAwMDAwMDAwMDAwfX0="
        }
      ]
    },
    {
      "module": "module.security_group",
      "mode": "managed",
      "type": "openstack_networking_secgroup_rule_v2",
      "name": "allow_http",
      "provider": "provider[\"registry.terraform.io/terraform-provider-openstack/openstack\"]",
      "instances": [
        {
          "schema_version": 0,
          "attributes": {
            "description": "",
            "direction": "ingress",
            "ethertype": "IPv4",
            "id": "fb8237bc-1ec1-4d88-ad21-f572c4097fb6",
            "port_range_max": 80,
            "port_range_min": 80,
            "protocol": "tcp",
            "region": "RegionOne",
            "remote_group_id": "",
            "remote_ip_prefix": "0.0.0.0/0",
            "security_group_id": "a5f27d91-bbc0-4f99-a7d9-01bd33e0fd8a",
            "tenant_id": "3f387de1dda2460c8203216b624417c2",
            "timeouts": null
          },
          "sensitive_attributes": [],
          "private": "eyJlMmJmYjczMC1lY2FhLTExZTYtOGY4OC0zNDM2M2JjN2M0YzAiOnsiZGVsZXRlIjo2MDAwMDAwMDAwMDB9fQ==",
          "dependencies": [
            "module.security_group.openstack_networking_secgroup_v2.this"
          ]
        }
      ]
    },
    {
      "module": "module.security_group",
      "mode": "managed",
      "type": "openstack_networking_secgroup_rule_v2",
      "name": "allow_ssh",
      "provider": "provider[\"registry.terraform.io/terraform-provider-openstack/openstack\"]",
      "instances": [
        {
          "schema_version": 0,
          "attributes": {
            "description": "",
            "direction": "ingress",
            "ethertype": "IPv4",
            "id": "adf2c34b-82d0-4801-a837-0b112449791b",
            "port_range_max": 22,
            "port_range_min": 22,
            "protocol": "tcp",
            "region": "RegionOne",
            "remote_group_id": "",
            "remote_ip_prefix": "0.0.0.0/0",
            "security_group_id": "a5f27d91-bbc0-4f99-a7d9-01bd33e0fd8a",
            "tenant_id": "3f387de1dda2460c8203216b624417c2",
            "timeouts": null
          },
          "sensitive_attributes": [],
          "private": "eyJlMmJmYjczMC1lY2FhLTExZTYtOGY4OC0zNDM2M2JjN2M0YzAiOnsiZGVsZXRlIjo2MDAwMDAwMDAwMDB9fQ==",
          "dependencies": [
            "module.security_group.openstack_networking_secgroup_v2.this"
          ]
        }
      ]
    },
    {
      "module": "module.security_group",
      "mode": "managed",
      "type": "openstack_networking_secgroup_v2",
      "name": "this",
      "provider": "provider[\"registry.terraform.io/terraform-provider-openstack/openstack\"]",
      "instances": [
        {
          "schema_version": 0,
          "attributes": {
            "all_tags": [],
            "delete_default_rules": null,
            "description": "Allow SSH and HTTP",
            "id": "a5f27d91-bbc0-4f99-a7d9-01bd33e0fd8a",
            "name": "web-sg",
            "region": "RegionOne",
            "tags": null,
            "tenant_id": "3f387de1dda2460c8203216b624417c2",
            "timeouts": null
          },
          "sensitive_attributes": [],
          "private": "eyJlMmJmYjczMC1lY2FhLTExZTYtOGY4OC0zNDM2M2JjN2M0YzAiOnsiZGVsZXRlIjo2MDAwMDAwMDAwMDB9fQ=="
        }
      ]
    }
  ],
  "check_results": null
}
